// !$*UTF8*$!
{
	archiveVersion = 1;
	classes = {
	};
	objectVersion = 50;
	objects = {

/* Begin PBXBuildFile section */
		4B2E21F224548308006067FD /* AppDelegate.swift in Sources */ = {isa = PBXBuildFile; fileRef = 4B2E21F124548308006067FD /* AppDelegate.swift */; };
		4B2E21F424548308006067FD /* SceneDelegate.swift in Sources */ = {isa = PBXBuildFile; fileRef = 4B2E21F324548308006067FD /* SceneDelegate.swift */; };
		4B2E21F624548308006067FD /* ContentView.swift in Sources */ = {isa = PBXBuildFile; fileRef = 4B2E21F524548308006067FD /* ContentView.swift */; };
		4B2E21FB2454830A006067FD /* Preview Assets.xcassets in Resources */ = {isa = PBXBuildFile; fileRef = 4B2E21FA2454830A006067FD /* Preview Assets.xcassets */; };
		4B2E21FE2454830A006067FD /* LaunchScreen.storyboard in Resources */ = {isa = PBXBuildFile; fileRef = 4B2E21FC2454830A006067FD /* LaunchScreen.storyboard */; };
		4B2E22092454830A006067FD /* coffeebrew46Tests.swift in Sources */ = {isa = PBXBuildFile; fileRef = 4B2E22082454830A006067FD /* coffeebrew46Tests.swift */; };
		4B2E22142454830A006067FD /* coffeebrew46UITests.swift in Sources */ = {isa = PBXBuildFile; fileRef = 4B2E22132454830A006067FD /* coffeebrew46UITests.swift */; };
		4B2E222324548D6C006067FD /* BoiledWaterAmount.swift in Sources */ = {isa = PBXBuildFile; fileRef = 4B2E222224548D6C006067FD /* BoiledWaterAmount.swift */; };
		4B2E222424548D6C006067FD /* BoiledWaterAmount.swift in Sources */ = {isa = PBXBuildFile; fileRef = 4B2E222224548D6C006067FD /* BoiledWaterAmount.swift */; };
		4B2E222724548F83006067FD /* CurriculateBoiledWaterAmountService.swift in Sources */ = {isa = PBXBuildFile; fileRef = 4B2E222624548F83006067FD /* CurriculateBoiledWaterAmountService.swift */; };
		4B2E222824548F83006067FD /* CurriculateBoiledWaterAmountService.swift in Sources */ = {isa = PBXBuildFile; fileRef = 4B2E222624548F83006067FD /* CurriculateBoiledWaterAmountService.swift */; };
		4B2E222E24549165006067FD /* Default-568h@2x.png in Resources */ = {isa = PBXBuildFile; fileRef = 4B2E222D24549165006067FD /* Default-568h@2x.png */; };
		4B2E223024549277006067FD /* CoffeeBeansWeight.swift in Sources */ = {isa = PBXBuildFile; fileRef = 4B2E222F24549277006067FD /* CoffeeBeansWeight.swift */; };
		4B2E223124549277006067FD /* CoffeeBeansWeight.swift in Sources */ = {isa = PBXBuildFile; fileRef = 4B2E222F24549277006067FD /* CoffeeBeansWeight.swift */; };
		4B2E223224549277006067FD /* CoffeeBeansWeight.swift in Sources */ = {isa = PBXBuildFile; fileRef = 4B2E222F24549277006067FD /* CoffeeBeansWeight.swift */; };
		4B2E22352454930A006067FD /* Either.swift in Sources */ = {isa = PBXBuildFile; fileRef = 4B2E22342454930A006067FD /* Either.swift */; };
		4B2E22362454930A006067FD /* Either.swift in Sources */ = {isa = PBXBuildFile; fileRef = 4B2E22342454930A006067FD /* Either.swift */; };
		4B2E22372454930A006067FD /* Either.swift in Sources */ = {isa = PBXBuildFile; fileRef = 4B2E22342454930A006067FD /* Either.swift */; };
		4B2E223A24549357006067FD /* Errors.swift in Sources */ = {isa = PBXBuildFile; fileRef = 4B2E223924549357006067FD /* Errors.swift */; };
		4B2E223B24549357006067FD /* Errors.swift in Sources */ = {isa = PBXBuildFile; fileRef = 4B2E223924549357006067FD /* Errors.swift */; };
		4B2E223C24549357006067FD /* Errors.swift in Sources */ = {isa = PBXBuildFile; fileRef = 4B2E223924549357006067FD /* Errors.swift */; };
		4C86B94A2455387C000154D1 /* ContentViewModel.swift in Sources */ = {isa = PBXBuildFile; fileRef = 4C86B9492455387C000154D1 /* ContentViewModel.swift */; };
		4BC93D58245572390093BDA7 /* Assets.xcassets in Resources */ = {isa = PBXBuildFile; fileRef = 4BC93D57245572390093BDA7 /* Assets.xcassets */; };
		4BC93D5A245572400093BDA7 /* appstore.png in Resources */ = {isa = PBXBuildFile; fileRef = 4BC93D59245572400093BDA7 /* appstore.png */; };
/* End PBXBuildFile section */

/* Begin PBXContainerItemProxy section */
		4B2E22052454830A006067FD /* PBXContainerItemProxy */ = {
			isa = PBXContainerItemProxy;
			containerPortal = 4B2E21E624548308006067FD /* Project object */;
			proxyType = 1;
			remoteGlobalIDString = 4B2E21ED24548308006067FD;
			remoteInfo = coffeebrew64;
		};
		4B2E22102454830A006067FD /* PBXContainerItemProxy */ = {
			isa = PBXContainerItemProxy;
			containerPortal = 4B2E21E624548308006067FD /* Project object */;
			proxyType = 1;
			remoteGlobalIDString = 4B2E21ED24548308006067FD;
			remoteInfo = coffeebrew64;
		};
/* End PBXContainerItemProxy section */

/* Begin PBXFileReference section */
		4B2E21EE24548308006067FD /* coffeebrew46.app */ = {isa = PBXFileReference; explicitFileType = wrapper.application; includeInIndex = 0; path = coffeebrew46.app; sourceTree = BUILT_PRODUCTS_DIR; };
		4B2E21F124548308006067FD /* AppDelegate.swift */ = {isa = PBXFileReference; lastKnownFileType = sourcecode.swift; path = AppDelegate.swift; sourceTree = "<group>"; };
		4B2E21F324548308006067FD /* SceneDelegate.swift */ = {isa = PBXFileReference; lastKnownFileType = sourcecode.swift; path = SceneDelegate.swift; sourceTree = "<group>"; };
		4B2E21F524548308006067FD /* ContentView.swift */ = {isa = PBXFileReference; lastKnownFileType = sourcecode.swift; path = ContentView.swift; sourceTree = "<group>"; };
		4B2E21FA2454830A006067FD /* Preview Assets.xcassets */ = {isa = PBXFileReference; lastKnownFileType = folder.assetcatalog; path = "Preview Assets.xcassets"; sourceTree = "<group>"; };
		4B2E21FD2454830A006067FD /* Base */ = {isa = PBXFileReference; lastKnownFileType = file.storyboard; name = Base; path = Base.lproj/LaunchScreen.storyboard; sourceTree = "<group>"; };
		4B2E21FF2454830A006067FD /* Info.plist */ = {isa = PBXFileReference; lastKnownFileType = text.plist.xml; path = Info.plist; sourceTree = "<group>"; };
		4B2E22042454830A006067FD /* coffeebrew46Tests.xctest */ = {isa = PBXFileReference; explicitFileType = wrapper.cfbundle; includeInIndex = 0; path = coffeebrew46Tests.xctest; sourceTree = BUILT_PRODUCTS_DIR; };
		4B2E22082454830A006067FD /* coffeebrew46Tests.swift */ = {isa = PBXFileReference; lastKnownFileType = sourcecode.swift; path = coffeebrew46Tests.swift; sourceTree = "<group>"; };
		4B2E220A2454830A006067FD /* Info.plist */ = {isa = PBXFileReference; lastKnownFileType = text.plist.xml; path = Info.plist; sourceTree = "<group>"; };
		4B2E220F2454830A006067FD /* coffeebrew46UITests.xctest */ = {isa = PBXFileReference; explicitFileType = wrapper.cfbundle; includeInIndex = 0; path = coffeebrew46UITests.xctest; sourceTree = BUILT_PRODUCTS_DIR; };
		4B2E22132454830A006067FD /* coffeebrew46UITests.swift */ = {isa = PBXFileReference; lastKnownFileType = sourcecode.swift; path = coffeebrew46UITests.swift; sourceTree = "<group>"; };
		4B2E22152454830A006067FD /* Info.plist */ = {isa = PBXFileReference; lastKnownFileType = text.plist.xml; path = Info.plist; sourceTree = "<group>"; };
		4B2E222224548D6C006067FD /* BoiledWaterAmount.swift */ = {isa = PBXFileReference; lastKnownFileType = sourcecode.swift; path = BoiledWaterAmount.swift; sourceTree = "<group>"; };
		4B2E222624548F83006067FD /* CurriculateBoiledWaterAmountService.swift */ = {isa = PBXFileReference; lastKnownFileType = sourcecode.swift; path = CurriculateBoiledWaterAmountService.swift; sourceTree = "<group>"; };
		4B2E222D24549165006067FD /* Default-568h@2x.png */ = {isa = PBXFileReference; lastKnownFileType = image.png; path = "Default-568h@2x.png"; sourceTree = "<group>"; };
		4B2E222F24549277006067FD /* CoffeeBeansWeight.swift */ = {isa = PBXFileReference; lastKnownFileType = sourcecode.swift; path = CoffeeBeansWeight.swift; sourceTree = "<group>"; };
		4B2E22342454930A006067FD /* Either.swift */ = {isa = PBXFileReference; lastKnownFileType = sourcecode.swift; path = Either.swift; sourceTree = "<group>"; };
		4B2E223924549357006067FD /* Errors.swift */ = {isa = PBXFileReference; lastKnownFileType = sourcecode.swift; path = Errors.swift; sourceTree = "<group>"; };
		4C86B9492455387C000154D1 /* ContentViewModel.swift */ = {isa = PBXFileReference; lastKnownFileType = sourcecode.swift; path = ContentViewModel.swift; sourceTree = "<group>"; };
		4BC93D57245572390093BDA7 /* Assets.xcassets */ = {isa = PBXFileReference; lastKnownFileType = folder.assetcatalog; path = Assets.xcassets; sourceTree = "<group>"; };
		4BC93D59245572400093BDA7 /* appstore.png */ = {isa = PBXFileReference; lastKnownFileType = image.png; path = appstore.png; sourceTree = "<group>"; };
/* End PBXFileReference section */

/* Begin PBXFrameworksBuildPhase section */
		4B2E21EB24548308006067FD /* Frameworks */ = {
			isa = PBXFrameworksBuildPhase;
			buildActionMask = 2147483647;
			files = (
			);
			runOnlyForDeploymentPostprocessing = 0;
		};
		4B2E22012454830A006067FD /* Frameworks */ = {
			isa = PBXFrameworksBuildPhase;
			buildActionMask = 2147483647;
			files = (
			);
			runOnlyForDeploymentPostprocessing = 0;
		};
		4B2E220C2454830A006067FD /* Frameworks */ = {
			isa = PBXFrameworksBuildPhase;
			buildActionMask = 2147483647;
			files = (
			);
			runOnlyForDeploymentPostprocessing = 0;
		};
/* End PBXFrameworksBuildPhase section */

/* Begin PBXGroup section */
		4B2E21E524548308006067FD = {
			isa = PBXGroup;
			children = (
				4B2E222D24549165006067FD /* Default-568h@2x.png */,
				4B2E21F024548308006067FD /* coffeebrew46 */,
				4B2E22072454830A006067FD /* coffeebrew46Tests */,
				4B2E22122454830A006067FD /* coffeebrew46UITests */,
				4B2E21EF24548308006067FD /* Products */,
			);
			sourceTree = "<group>";
		};
		4B2E21EF24548308006067FD /* Products */ = {
			isa = PBXGroup;
			children = (
				4B2E21EE24548308006067FD /* coffeebrew46.app */,
				4B2E22042454830A006067FD /* coffeebrew46Tests.xctest */,
				4B2E220F2454830A006067FD /* coffeebrew46UITests.xctest */,
			);
			name = Products;
			sourceTree = "<group>";
		};
		4B2E21F024548308006067FD /* coffeebrew46 */ = {
			isa = PBXGroup;
			children = (
				4B2E2233245492F9006067FD /* util */,
				4B2E222524548F5C006067FD /* service */,
				4B2E222124548D08006067FD /* model */,
				4B2E21F124548308006067FD /* AppDelegate.swift */,
				4B2E21F324548308006067FD /* SceneDelegate.swift */,
				4B2E21F524548308006067FD /* ContentView.swift */,
				4C86B9492455387C000154D1 /* ContentViewModel.swift */,
				4B2E21F72454830A006067FD /* Assets.xcassets */,
				4B2E21FC2454830A006067FD /* LaunchScreen.storyboard */,
				4BC93D57245572390093BDA7 /* Assets.xcassets */,
				4BC93D59245572400093BDA7 /* appstore.png */,
				4B2E21FF2454830A006067FD /* Info.plist */,
				4B2E21F92454830A006067FD /* Preview Content */,
			);
			path = coffeebrew46;
			sourceTree = "<group>";
		};
		4B2E21F92454830A006067FD /* Preview Content */ = {
			isa = PBXGroup;
			children = (
				4B2E21FA2454830A006067FD /* Preview Assets.xcassets */,
			);
			path = "Preview Content";
			sourceTree = "<group>";
		};
		4B2E22072454830A006067FD /* coffeebrew46Tests */ = {
			isa = PBXGroup;
			children = (
				4B2E22082454830A006067FD /* coffeebrew46Tests.swift */,
				4B2E220A2454830A006067FD /* Info.plist */,
			);
			path = coffeebrew46Tests;
			sourceTree = "<group>";
		};
		4B2E22122454830A006067FD /* coffeebrew46UITests */ = {
			isa = PBXGroup;
			children = (
				4B2E22132454830A006067FD /* coffeebrew46UITests.swift */,
				4B2E22152454830A006067FD /* Info.plist */,
			);
			path = coffeebrew46UITests;
			sourceTree = "<group>";
		};
		4B2E222124548D08006067FD /* model */ = {
			isa = PBXGroup;
			children = (
				4B2E22382454933A006067FD /* error */,
				4B2E222224548D6C006067FD /* BoiledWaterAmount.swift */,
				4B2E222F24549277006067FD /* CoffeeBeansWeight.swift */,
			);
			path = model;
			sourceTree = "<group>";
		};
		4B2E222524548F5C006067FD /* service */ = {
			isa = PBXGroup;
			children = (
				4B2E222624548F83006067FD /* CurriculateBoiledWaterAmountService.swift */,
			);
			path = service;
			sourceTree = "<group>";
		};
		4B2E2233245492F9006067FD /* util */ = {
			isa = PBXGroup;
			children = (
				4B2E22342454930A006067FD /* Either.swift */,
			);
			path = util;
			sourceTree = "<group>";
		};
		4B2E22382454933A006067FD /* error */ = {
			isa = PBXGroup;
			children = (
				4B2E223924549357006067FD /* Errors.swift */,
			);
			path = error;
			sourceTree = "<group>";
		};
/* End PBXGroup section */

/* Begin PBXNativeTarget section */
		4B2E21ED24548308006067FD /* coffeebrew46 */ = {
			isa = PBXNativeTarget;
			buildConfigurationList = 4B2E22182454830A006067FD /* Build configuration list for PBXNativeTarget "coffeebrew46" */;
			buildPhases = (
				4B2E21EA24548308006067FD /* Sources */,
				4B2E21EB24548308006067FD /* Frameworks */,
				4B2E21EC24548308006067FD /* Resources */,
			);
			buildRules = (
			);
			dependencies = (
			);
			name = coffeebrew46;
			productName = coffeebrew64;
			productReference = 4B2E21EE24548308006067FD /* coffeebrew46.app */;
			productType = "com.apple.product-type.application";
		};
		4B2E22032454830A006067FD /* coffeebrew46Tests */ = {
			isa = PBXNativeTarget;
			buildConfigurationList = 4B2E221B2454830A006067FD /* Build configuration list for PBXNativeTarget "coffeebrew46Tests" */;
			buildPhases = (
				4B2E22002454830A006067FD /* Sources */,
				4B2E22012454830A006067FD /* Frameworks */,
				4B2E22022454830A006067FD /* Resources */,
			);
			buildRules = (
			);
			dependencies = (
				4B2E22062454830A006067FD /* PBXTargetDependency */,
			);
			name = coffeebrew46Tests;
			productName = coffeebrew64Tests;
			productReference = 4B2E22042454830A006067FD /* coffeebrew46Tests.xctest */;
			productType = "com.apple.product-type.bundle.unit-test";
		};
		4B2E220E2454830A006067FD /* coffeebrew46UITests */ = {
			isa = PBXNativeTarget;
			buildConfigurationList = 4B2E221E2454830A006067FD /* Build configuration list for PBXNativeTarget "coffeebrew46UITests" */;
			buildPhases = (
				4B2E220B2454830A006067FD /* Sources */,
				4B2E220C2454830A006067FD /* Frameworks */,
				4B2E220D2454830A006067FD /* Resources */,
			);
			buildRules = (
			);
			dependencies = (
				4B2E22112454830A006067FD /* PBXTargetDependency */,
			);
			name = coffeebrew46UITests;
			productName = coffeebrew64UITests;
			productReference = 4B2E220F2454830A006067FD /* coffeebrew46UITests.xctest */;
			productType = "com.apple.product-type.bundle.ui-testing";
		};
/* End PBXNativeTarget section */

/* Begin PBXProject section */
		4B2E21E624548308006067FD /* Project object */ = {
			isa = PBXProject;
			attributes = {
				LastSwiftUpdateCheck = 1140;
				LastUpgradeCheck = 1140;
				ORGANIZATIONNAME = "吉村優";
				TargetAttributes = {
					4B2E21ED24548308006067FD = {
						CreatedOnToolsVersion = 11.4.1;
					};
					4B2E22032454830A006067FD = {
						CreatedOnToolsVersion = 11.4.1;
						TestTargetID = 4B2E21ED24548308006067FD;
					};
					4B2E220E2454830A006067FD = {
						CreatedOnToolsVersion = 11.4.1;
						TestTargetID = 4B2E21ED24548308006067FD;
					};
				};
			};
			buildConfigurationList = 4B2E21E924548308006067FD /* Build configuration list for PBXProject "coffeebrew46" */;
			compatibilityVersion = "Xcode 9.3";
			developmentRegion = en;
			hasScannedForEncodings = 0;
			knownRegions = (
				en,
				Base,
			);
			mainGroup = 4B2E21E524548308006067FD;
			productRefGroup = 4B2E21EF24548308006067FD /* Products */;
			projectDirPath = "";
			projectRoot = "";
			targets = (
				4B2E21ED24548308006067FD /* coffeebrew46 */,
				4B2E22032454830A006067FD /* coffeebrew46Tests */,
				4B2E220E2454830A006067FD /* coffeebrew46UITests */,
			);
		};
/* End PBXProject section */

/* Begin PBXResourcesBuildPhase section */
		4B2E21EC24548308006067FD /* Resources */ = {
			isa = PBXResourcesBuildPhase;
			buildActionMask = 2147483647;
			files = (
				4BC93D5A245572400093BDA7 /* appstore.png in Resources */,
				4B2E21FE2454830A006067FD /* LaunchScreen.storyboard in Resources */,
				4B2E21FB2454830A006067FD /* Preview Assets.xcassets in Resources */,
				4BC93D58245572390093BDA7 /* Assets.xcassets in Resources */,
				4B2E222E24549165006067FD /* Default-568h@2x.png in Resources */,
			);
			runOnlyForDeploymentPostprocessing = 0;
		};
		4B2E22022454830A006067FD /* Resources */ = {
			isa = PBXResourcesBuildPhase;
			buildActionMask = 2147483647;
			files = (
			);
			runOnlyForDeploymentPostprocessing = 0;
		};
		4B2E220D2454830A006067FD /* Resources */ = {
			isa = PBXResourcesBuildPhase;
			buildActionMask = 2147483647;
			files = (
			);
			runOnlyForDeploymentPostprocessing = 0;
		};
/* End PBXResourcesBuildPhase section */

/* Begin PBXSourcesBuildPhase section */
		4B2E21EA24548308006067FD /* Sources */ = {
			isa = PBXSourcesBuildPhase;
			buildActionMask = 2147483647;
			files = (
				4B2E22352454930A006067FD /* Either.swift in Sources */,
				4B2E222724548F83006067FD /* CurriculateBoiledWaterAmountService.swift in Sources */,
				4B2E222324548D6C006067FD /* BoiledWaterAmount.swift in Sources */,
				4B2E21F224548308006067FD /* AppDelegate.swift in Sources */,
				4B2E223A24549357006067FD /* Errors.swift in Sources */,
				4C86B94A2455387C000154D1 /* ContentViewModel.swift in Sources */,
				4B2E21F424548308006067FD /* SceneDelegate.swift in Sources */,
				4B2E21F624548308006067FD /* ContentView.swift in Sources */,
				4B2E223024549277006067FD /* CoffeeBeansWeight.swift in Sources */,
			);
			runOnlyForDeploymentPostprocessing = 0;
		};
		4B2E22002454830A006067FD /* Sources */ = {
			isa = PBXSourcesBuildPhase;
			buildActionMask = 2147483647;
			files = (
				4B2E222824548F83006067FD /* CurriculateBoiledWaterAmountService.swift in Sources */,
				4B2E222424548D6C006067FD /* BoiledWaterAmount.swift in Sources */,
				4B2E22092454830A006067FD /* coffeebrew46Tests.swift in Sources */,
				4B2E223124549277006067FD /* CoffeeBeansWeight.swift in Sources */,
				4B2E223B24549357006067FD /* Errors.swift in Sources */,
				4B2E22362454930A006067FD /* Either.swift in Sources */,
			);
			runOnlyForDeploymentPostprocessing = 0;
		};
		4B2E220B2454830A006067FD /* Sources */ = {
			isa = PBXSourcesBuildPhase;
			buildActionMask = 2147483647;
			files = (
				4B2E223C24549357006067FD /* Errors.swift in Sources */,
				4B2E22142454830A006067FD /* coffeebrew46UITests.swift in Sources */,
				4B2E22372454930A006067FD /* Either.swift in Sources */,
				4B2E223224549277006067FD /* CoffeeBeansWeight.swift in Sources */,
			);
			runOnlyForDeploymentPostprocessing = 0;
		};
/* End PBXSourcesBuildPhase section */

/* Begin PBXTargetDependency section */
		4B2E22062454830A006067FD /* PBXTargetDependency */ = {
			isa = PBXTargetDependency;
			target = 4B2E21ED24548308006067FD /* coffeebrew46 */;
			targetProxy = 4B2E22052454830A006067FD /* PBXContainerItemProxy */;
		};
		4B2E22112454830A006067FD /* PBXTargetDependency */ = {
			isa = PBXTargetDependency;
			target = 4B2E21ED24548308006067FD /* coffeebrew46 */;
			targetProxy = 4B2E22102454830A006067FD /* PBXContainerItemProxy */;
		};
/* End PBXTargetDependency section */

/* Begin PBXVariantGroup section */
		4B2E21FC2454830A006067FD /* LaunchScreen.storyboard */ = {
			isa = PBXVariantGroup;
			children = (
				4B2E21FD2454830A006067FD /* Base */,
			);
			name = LaunchScreen.storyboard;
			sourceTree = "<group>";
		};
/* End PBXVariantGroup section */

/* Begin XCBuildConfiguration section */
		4B2E22162454830A006067FD /* Debug */ = {
			isa = XCBuildConfiguration;
			buildSettings = {
				ALWAYS_SEARCH_USER_PATHS = NO;
				CLANG_ANALYZER_NONNULL = YES;
				CLANG_ANALYZER_NUMBER_OBJECT_CONVERSION = YES_AGGRESSIVE;
				CLANG_CXX_LANGUAGE_STANDARD = "gnu++14";
				CLANG_CXX_LIBRARY = "libc++";
				CLANG_ENABLE_MODULES = YES;
				CLANG_ENABLE_OBJC_ARC = YES;
				CLANG_ENABLE_OBJC_WEAK = YES;
				CLANG_WARN_BLOCK_CAPTURE_AUTORELEASING = YES;
				CLANG_WARN_BOOL_CONVERSION = YES;
				CLANG_WARN_COMMA = YES;
				CLANG_WARN_CONSTANT_CONVERSION = YES;
				CLANG_WARN_DEPRECATED_OBJC_IMPLEMENTATIONS = YES;
				CLANG_WARN_DIRECT_OBJC_ISA_USAGE = YES_ERROR;
				CLANG_WARN_DOCUMENTATION_COMMENTS = YES;
				CLANG_WARN_EMPTY_BODY = YES;
				CLANG_WARN_ENUM_CONVERSION = YES;
				CLANG_WARN_INFINITE_RECURSION = YES;
				CLANG_WARN_INT_CONVERSION = YES;
				CLANG_WARN_NON_LITERAL_NULL_CONVERSION = YES;
				CLANG_WARN_OBJC_IMPLICIT_RETAIN_SELF = YES;
				CLANG_WARN_OBJC_LITERAL_CONVERSION = YES;
				CLANG_WARN_OBJC_ROOT_CLASS = YES_ERROR;
				CLANG_WARN_RANGE_LOOP_ANALYSIS = YES;
				CLANG_WARN_STRICT_PROTOTYPES = YES;
				CLANG_WARN_SUSPICIOUS_MOVE = YES;
				CLANG_WARN_UNGUARDED_AVAILABILITY = YES_AGGRESSIVE;
				CLANG_WARN_UNREACHABLE_CODE = YES;
				CLANG_WARN__DUPLICATE_METHOD_MATCH = YES;
				COPY_PHASE_STRIP = NO;
				DEBUG_INFORMATION_FORMAT = dwarf;
				ENABLE_STRICT_OBJC_MSGSEND = YES;
				ENABLE_TESTABILITY = YES;
				GCC_C_LANGUAGE_STANDARD = gnu11;
				GCC_DYNAMIC_NO_PIC = NO;
				GCC_NO_COMMON_BLOCKS = YES;
				GCC_OPTIMIZATION_LEVEL = 0;
				GCC_PREPROCESSOR_DEFINITIONS = (
					"DEBUG=1",
					"$(inherited)",
				);
				GCC_WARN_64_TO_32_BIT_CONVERSION = YES;
				GCC_WARN_ABOUT_RETURN_TYPE = YES_ERROR;
				GCC_WARN_UNDECLARED_SELECTOR = YES;
				GCC_WARN_UNINITIALIZED_AUTOS = YES_AGGRESSIVE;
				GCC_WARN_UNUSED_FUNCTION = YES;
				GCC_WARN_UNUSED_VARIABLE = YES;
				IPHONEOS_DEPLOYMENT_TARGET = 13.2;
				MTL_ENABLE_DEBUG_INFO = INCLUDE_SOURCE;
				MTL_FAST_MATH = YES;
				ONLY_ACTIVE_ARCH = YES;
				SDKROOT = iphoneos;
				SWIFT_ACTIVE_COMPILATION_CONDITIONS = DEBUG;
				SWIFT_OPTIMIZATION_LEVEL = "-Onone";
			};
			name = Debug;
		};
		4B2E22172454830A006067FD /* Release */ = {
			isa = XCBuildConfiguration;
			buildSettings = {
				ALWAYS_SEARCH_USER_PATHS = NO;
				CLANG_ANALYZER_NONNULL = YES;
				CLANG_ANALYZER_NUMBER_OBJECT_CONVERSION = YES_AGGRESSIVE;
				CLANG_CXX_LANGUAGE_STANDARD = "gnu++14";
				CLANG_CXX_LIBRARY = "libc++";
				CLANG_ENABLE_MODULES = YES;
				CLANG_ENABLE_OBJC_ARC = YES;
				CLANG_ENABLE_OBJC_WEAK = YES;
				CLANG_WARN_BLOCK_CAPTURE_AUTORELEASING = YES;
				CLANG_WARN_BOOL_CONVERSION = YES;
				CLANG_WARN_COMMA = YES;
				CLANG_WARN_CONSTANT_CONVERSION = YES;
				CLANG_WARN_DEPRECATED_OBJC_IMPLEMENTATIONS = YES;
				CLANG_WARN_DIRECT_OBJC_ISA_USAGE = YES_ERROR;
				CLANG_WARN_DOCUMENTATION_COMMENTS = YES;
				CLANG_WARN_EMPTY_BODY = YES;
				CLANG_WARN_ENUM_CONVERSION = YES;
				CLANG_WARN_INFINITE_RECURSION = YES;
				CLANG_WARN_INT_CONVERSION = YES;
				CLANG_WARN_NON_LITERAL_NULL_CONVERSION = YES;
				CLANG_WARN_OBJC_IMPLICIT_RETAIN_SELF = YES;
				CLANG_WARN_OBJC_LITERAL_CONVERSION = YES;
				CLANG_WARN_OBJC_ROOT_CLASS = YES_ERROR;
				CLANG_WARN_RANGE_LOOP_ANALYSIS = YES;
				CLANG_WARN_STRICT_PROTOTYPES = YES;
				CLANG_WARN_SUSPICIOUS_MOVE = YES;
				CLANG_WARN_UNGUARDED_AVAILABILITY = YES_AGGRESSIVE;
				CLANG_WARN_UNREACHABLE_CODE = YES;
				CLANG_WARN__DUPLICATE_METHOD_MATCH = YES;
				COPY_PHASE_STRIP = NO;
				DEBUG_INFORMATION_FORMAT = "dwarf-with-dsym";
				ENABLE_NS_ASSERTIONS = NO;
				ENABLE_STRICT_OBJC_MSGSEND = YES;
				GCC_C_LANGUAGE_STANDARD = gnu11;
				GCC_NO_COMMON_BLOCKS = YES;
				GCC_WARN_64_TO_32_BIT_CONVERSION = YES;
				GCC_WARN_ABOUT_RETURN_TYPE = YES_ERROR;
				GCC_WARN_UNDECLARED_SELECTOR = YES;
				GCC_WARN_UNINITIALIZED_AUTOS = YES_AGGRESSIVE;
				GCC_WARN_UNUSED_FUNCTION = YES;
				GCC_WARN_UNUSED_VARIABLE = YES;
				IPHONEOS_DEPLOYMENT_TARGET = 13.2;
				MTL_ENABLE_DEBUG_INFO = NO;
				MTL_FAST_MATH = YES;
				SDKROOT = iphoneos;
				SWIFT_COMPILATION_MODE = wholemodule;
				SWIFT_OPTIMIZATION_LEVEL = "-O";
				VALIDATE_PRODUCT = YES;
			};
			name = Release;
		};
		4B2E22192454830A006067FD /* Debug */ = {
			isa = XCBuildConfiguration;
			buildSettings = {
				ASSETCATALOG_COMPILER_APPICON_NAME = AppIcon;
				CODE_SIGN_STYLE = Manual;
				DEVELOPMENT_ASSET_PATHS = "\"coffeebrew46/Preview Content\"";
				DEVELOPMENT_TEAM = "";
				ENABLE_PREVIEWS = YES;
				INFOPLIST_FILE = coffeebrew46/Info.plist;
				IPHONEOS_DEPLOYMENT_TARGET = 13.2;
				LD_RUNPATH_SEARCH_PATHS = (
					"$(inherited)",
					"@executable_path/Frameworks",
				);
				PRODUCT_BUNDLE_IDENTIFIER = "com.github.y-yu.coffeebrew46";
				PRODUCT_NAME = coffeebrew46;
				PROVISIONING_PROFILE_SPECIFIER = "";
				SWIFT_VERSION = 5.0;
				TARGETED_DEVICE_FAMILY = "1,2";
			};
			name = Debug;
		};
		4B2E221A2454830A006067FD /* Release */ = {
			isa = XCBuildConfiguration;
			buildSettings = {
				ASSETCATALOG_COMPILER_APPICON_NAME = AppIcon;
				CODE_SIGN_STYLE = Manual;
				DEVELOPMENT_ASSET_PATHS = "\"coffeebrew46/Preview Content\"";
				DEVELOPMENT_TEAM = "";
				ENABLE_PREVIEWS = YES;
				INFOPLIST_FILE = coffeebrew46/Info.plist;
				IPHONEOS_DEPLOYMENT_TARGET = 13.2;
				LD_RUNPATH_SEARCH_PATHS = (
					"$(inherited)",
					"@executable_path/Frameworks",
				);
				PRODUCT_BUNDLE_IDENTIFIER = "com.github.y-yu.coffeebrew46";
				PRODUCT_NAME = coffeebrew46;
				PROVISIONING_PROFILE_SPECIFIER = "";
				SWIFT_VERSION = 5.0;
				TARGETED_DEVICE_FAMILY = "1,2";
			};
			name = Release;
		};
		4B2E221C2454830A006067FD /* Debug */ = {
			isa = XCBuildConfiguration;
			buildSettings = {
				ALWAYS_EMBED_SWIFT_STANDARD_LIBRARIES = YES;
				BUNDLE_LOADER = "$(TEST_HOST)";
				"CODE_SIGN_IDENTITY[sdk=macosx*]" = "-";
				CODE_SIGN_STYLE = Manual;
				DEVELOPMENT_TEAM = "";
				INFOPLIST_FILE = coffeebrew46Tests/Info.plist;
				IPHONEOS_DEPLOYMENT_TARGET = 13.2;
				LD_RUNPATH_SEARCH_PATHS = (
					"$(inherited)",
					"@executable_path/Frameworks",
					"@loader_path/Frameworks",
				);
				PRODUCT_BUNDLE_IDENTIFIER = "com.github.y-yu.coffeebrew64Tests";
				PRODUCT_NAME = "$(TARGET_NAME)";
				PROVISIONING_PROFILE_SPECIFIER = "";
				"PROVISIONING_PROFILE_SPECIFIER[sdk=macosx*]" = "";
				SWIFT_VERSION = 5.0;
				TARGETED_DEVICE_FAMILY = "1,2";
				TEST_HOST = "$(BUILT_PRODUCTS_DIR)/coffeebrew46.app/coffeebrew46";
			};
			name = Debug;
		};
		4B2E221D2454830A006067FD /* Release */ = {
			isa = XCBuildConfiguration;
			buildSettings = {
				ALWAYS_EMBED_SWIFT_STANDARD_LIBRARIES = YES;
				BUNDLE_LOADER = "$(TEST_HOST)";
				"CODE_SIGN_IDENTITY[sdk=macosx*]" = "-";
				CODE_SIGN_STYLE = Manual;
				DEVELOPMENT_TEAM = "";
				INFOPLIST_FILE = coffeebrew46Tests/Info.plist;
				IPHONEOS_DEPLOYMENT_TARGET = 13.2;
				LD_RUNPATH_SEARCH_PATHS = (
					"$(inherited)",
					"@executable_path/Frameworks",
					"@loader_path/Frameworks",
				);
				PRODUCT_BUNDLE_IDENTIFIER = "com.github.y-yu.coffeebrew64Tests";
				PRODUCT_NAME = "$(TARGET_NAME)";
				PROVISIONING_PROFILE_SPECIFIER = "";
				"PROVISIONING_PROFILE_SPECIFIER[sdk=macosx*]" = "";
				SWIFT_VERSION = 5.0;
				TARGETED_DEVICE_FAMILY = "1,2";
				TEST_HOST = "$(BUILT_PRODUCTS_DIR)/coffeebrew46.app/coffeebrew46";
			};
			name = Release;
		};
		4B2E221F2454830A006067FD /* Debug */ = {
			isa = XCBuildConfiguration;
			buildSettings = {
				ALWAYS_EMBED_SWIFT_STANDARD_LIBRARIES = YES;
				"CODE_SIGN_IDENTITY[sdk=macosx*]" = "Apple Development";
				CODE_SIGN_STYLE = Manual;
				DEVELOPMENT_TEAM = "";
				INFOPLIST_FILE = coffeebrew46UITests/Info.plist;
				LD_RUNPATH_SEARCH_PATHS = (
					"$(inherited)",
					"@executable_path/Frameworks",
					"@loader_path/Frameworks",
				);
				PRODUCT_BUNDLE_IDENTIFIER = "com.github.y-yu.coffeebrew46UITests";
				PRODUCT_NAME = "$(TARGET_NAME)";
				PROVISIONING_PROFILE_SPECIFIER = "";
				"PROVISIONING_PROFILE_SPECIFIER[sdk=macosx*]" = "";
				SWIFT_VERSION = 5.0;
				TARGETED_DEVICE_FAMILY = "1,2";
				TEST_TARGET_NAME = coffeebrew46;
			};
			name = Debug;
		};
		4B2E22202454830A006067FD /* Release */ = {
			isa = XCBuildConfiguration;
			buildSettings = {
				ALWAYS_EMBED_SWIFT_STANDARD_LIBRARIES = YES;
				"CODE_SIGN_IDENTITY[sdk=macosx*]" = "Apple Development";
				CODE_SIGN_STYLE = Manual;
				DEVELOPMENT_TEAM = "";
				INFOPLIST_FILE = coffeebrew46UITests/Info.plist;
				LD_RUNPATH_SEARCH_PATHS = (
					"$(inherited)",
					"@executable_path/Frameworks",
					"@loader_path/Frameworks",
				);
				PRODUCT_BUNDLE_IDENTIFIER = "com.github.y-yu.coffeebrew46UITests";
				PRODUCT_NAME = "$(TARGET_NAME)";
				PROVISIONING_PROFILE_SPECIFIER = "";
				"PROVISIONING_PROFILE_SPECIFIER[sdk=macosx*]" = "";
				SWIFT_VERSION = 5.0;
				TARGETED_DEVICE_FAMILY = "1,2";
				TEST_TARGET_NAME = coffeebrew46;
			};
			name = Release;
		};
/* End XCBuildConfiguration section */

/* Begin XCConfigurationList section */
		4B2E21E924548308006067FD /* Build configuration list for PBXProject "coffeebrew46" */ = {
			isa = XCConfigurationList;
			buildConfigurations = (
				4B2E22162454830A006067FD /* Debug */,
				4B2E22172454830A006067FD /* Release */,
			);
			defaultConfigurationIsVisible = 0;
			defaultConfigurationName = Release;
		};
		4B2E22182454830A006067FD /* Build configuration list for PBXNativeTarget "coffeebrew46" */ = {
			isa = XCConfigurationList;
			buildConfigurations = (
				4B2E22192454830A006067FD /* Debug */,
				4B2E221A2454830A006067FD /* Release */,
			);
			defaultConfigurationIsVisible = 0;
			defaultConfigurationName = Release;
		};
		4B2E221B2454830A006067FD /* Build configuration list for PBXNativeTarget "coffeebrew46Tests" */ = {
			isa = XCConfigurationList;
			buildConfigurations = (
				4B2E221C2454830A006067FD /* Debug */,
				4B2E221D2454830A006067FD /* Release */,
			);
			defaultConfigurationIsVisible = 0;
			defaultConfigurationName = Release;
		};
		4B2E221E2454830A006067FD /* Build configuration list for PBXNativeTarget "coffeebrew46UITests" */ = {
			isa = XCConfigurationList;
			buildConfigurations = (
				4B2E221F2454830A006067FD /* Debug */,
				4B2E22202454830A006067FD /* Release */,
			);
			defaultConfigurationIsVisible = 0;
			defaultConfigurationName = Release;
		};
/* End XCConfigurationList section */
	};
	rootObject = 4B2E21E624548308006067FD /* Project object */;
}
